PODS:
  - Flutter (1.0.0)
  - flutter_plugin_battery_status (0.0.1):
    - Flutter

DEPENDENCIES:
  - Flutter (from `.symlinks/flutter/ios`)
  - flutter_plugin_battery_status (from `.symlinks/plugins/flutter_plugin_battery_status/ios`)

EXTERNAL SOURCES:
  Flutter:
    :path: ".symlinks/flutter/ios"
  flutter_plugin_battery_status:
    :path: ".symlinks/plugins/flutter_plugin_battery_status/ios"

SPEC CHECKSUMS:
  Flutter: 9d0fac939486c9aba2809b7982dfdbb47a7b0296
  flutter_plugin_battery_status: c02b64c4fe1df344568f86fb0668305a8c7e75a3

PODFILE CHECKSUM: aff02bfeed411c636180d6812254b2daeea14d09

COCOAPODS: 1.5.3
